# THIS IS AN AUTOGENERATED FILE. DO NOT EDIT THIS FILE DIRECTLY.
# yarn lockfile v1


"@types/prop-types@*":
  version "15.7.0"
  resolved "http://registry.npm.taobao.org/@types/prop-types/download/@types/prop-types-15.7.0.tgz#4c48fed958d6dcf9487195a0ef6456d5f6e0163a"
  integrity sha1-TEj+2VjW3PlIcZWg72RW1fbgFjo=

"@types/react@^16.8.13":
  version "16.8.13"
  resolved "http://registry.npm.taobao.org/@types/react/download/@types/react-16.8.13.tgz#a82b15aad9ab91c40edca0d6889b7745ae24f053"
  integrity sha1-qCsVqtmrkcQO3KDWiJt3Ra4k8FM=
  dependencies:
    "@types/prop-types" "*"
    csstype "^2.2.0"

csstype@^2.2.0:
  version "2.6.3"
  resolved "http://registry.npm.taobao.org/csstype/download/csstype-2.6.3.tgz#b701e5968245bf9b08d54ac83d00b624e622a9fa"
  integrity sha1-twHlloJFv5sI1UrIPQC2JOYiqfo=
